{
  "image": "python:3.11-bookworm-slim",
  "sha256": "PENDING_M5_HARDENING",
  "rationale": "Pinned to bookworm-slim (explicit OS) rather than the version-shifting 'slim' alias. M2 ships the tag; M5 reproducibility hardening promotes this to a SHA256 digest and enforces it at sandbox setup time.",
  "baked_packages": {
    "pytest": "8.3.4",
    "ruff": "0.7.4",
    "mypy": "1.13.0"
  },
  "last_audited": "2026-05-13"
}
