{
  "image": "python:3.11-bookworm-slim",
  "sha256": "pending",
  "rationale": "Pinned to the bookworm-slim tag rather than the version-shifting 'slim' alias. The SHA256 will be promoted to a real digest once scripts/pin_image_sha.sh is run against a daemon and the digest is committed here.",
  "baked_packages": {
    "pytest": "8.3.4",
    "ruff": "0.7.4",
    "mypy": "1.13.0"
  },
  "last_audited": "2026-05-13"
}
